
Microsoft Visual Studio Solution File, Format Version 12.00
# Visual Studio Version 16
VisualStudioVersion = 16.0.29709.97
MinimumVisualStudioVersion = 10.0.40219.1
Project("{2150E333-8FDC-42A3-9474-1A3956D46DE8}") = "Domain", "Domain", "{31C03EAD-C85E-4E4A-A342-67161B1C4793}"
EndProject
Project("{2150E333-8FDC-42A3-9474-1A3956D46DE8}") = "Application", "Application", "{DD931112-A65E-4E8F-859F-367F9ADDCBCA}"
EndProject
Project("{9A19103F-16F7-4668-BE54-9A1E7A4F7556}") = "Bowling.Domain.Game", "Bowling.Domain.Game\Bowling.Domain.Game.csproj", "{D26F8038-474A-4EE4-839D-6003357EE424}"
EndProject
Project("{9A19103F-16F7-4668-BE54-9A1E7A4F7556}") = "Bowling.Application.PainelOnBlazor", "Bowling.Application.PainelOnBlazor\Bowling.Application.PainelOnBlazor.csproj", "{D038F2A9-78E1-4DFF-A5B8-804FC3F72B04}"
EndProject
Project("{9A19103F-16F7-4668-BE54-9A1E7A4F7556}") = "Bowling.Application.PlayWorkerService", "Bowling.Application.PlayWorkerService\Bowling.Application.PlayWorkerService.csproj", "{F0E4CA28-C04C-46D2-A254-AB8CACB4325B}"
EndProject
Project("{2150E333-8FDC-42A3-9474-1A3956D46DE8}") = "Service", "Service", "{A2AA4A1C-FDE3-422A-B6F4-4883D28FEC2A}"
EndProject
Project("{9A19103F-16F7-4668-BE54-9A1E7A4F7556}") = "Bowling.Service.Game", "Bowling.Service.Game\Bowling.Service.Game.csproj", "{04F64FEB-EFA9-4E88-B952-9418D3291007}"
EndProject
Project("{E53339B2-1760-4266-BCC7-CA923CBCF16C}") = "docker-compose", "docker-compose.dcproj", "{ABF19BDA-1DE0-46CA-8F4E-44E5F0A8D8AD}"
EndProject
Project("{9A19103F-16F7-4668-BE54-9A1E7A4F7556}") = "Bowling.Domain.Game.UnitTest", "Bowling.Domain.Game.UnitTest\Bowling.Domain.Game.UnitTest.csproj", "{36424DCE-8090-448F-ABCF-D890D98ECABC}"
EndProject
Project("{9A19103F-16F7-4668-BE54-9A1E7A4F7556}") = "Bowling.Service.NMS", "Bowling.Service.NMS\Bowling.Service.NMS.csproj", "{3716CC7E-790F-4E50-9735-E569DEAACB25}"
EndProject
Project("{9A19103F-16F7-4668-BE54-9A1E7A4F7556}") = "Bowling.Service.NMS.UnitTest", "Bowling.Service.NMS.UnitTest\Bowling.Service.NMS.UnitTest.csproj", "{0AF2F2D7-01C7-4A53-AE85-94A0B586B138}"
EndProject
Global
	GlobalSection(SolutionConfigurationPlatforms) = preSolution
		Debug|Any CPU = Debug|Any CPU
		Release|Any CPU = Release|Any CPU
	EndGlobalSection
	GlobalSection(ProjectConfigurationPlatforms) = postSolution
		{D26F8038-474A-4EE4-839D-6003357EE424}.Debug|Any CPU.ActiveCfg = Debug|Any CPU
		{D26F8038-474A-4EE4-839D-6003357EE424}.Debug|Any CPU.Build.0 = Debug|Any CPU
		{D26F8038-474A-4EE4-839D-6003357EE424}.Release|Any CPU.ActiveCfg = Release|Any CPU
		{D26F8038-474A-4EE4-839D-6003357EE424}.Release|Any CPU.Build.0 = Release|Any CPU
		{D038F2A9-78E1-4DFF-A5B8-804FC3F72B04}.Debug|Any CPU.ActiveCfg = Debug|Any CPU
		{D038F2A9-78E1-4DFF-A5B8-804FC3F72B04}.Debug|Any CPU.Build.0 = Debug|Any CPU
		{D038F2A9-78E1-4DFF-A5B8-804FC3F72B04}.Release|Any CPU.ActiveCfg = Release|Any CPU
		{D038F2A9-78E1-4DFF-A5B8-804FC3F72B04}.Release|Any CPU.Build.0 = Release|Any CPU
		{F0E4CA28-C04C-46D2-A254-AB8CACB4325B}.Debug|Any CPU.ActiveCfg = Debug|Any CPU
		{F0E4CA28-C04C-46D2-A254-AB8CACB4325B}.Debug|Any CPU.Build.0 = Debug|Any CPU
		{F0E4CA28-C04C-46D2-A254-AB8CACB4325B}.Release|Any CPU.ActiveCfg = Release|Any CPU
		{F0E4CA28-C04C-46D2-A254-AB8CACB4325B}.Release|Any CPU.Build.0 = Release|Any CPU
		{04F64FEB-EFA9-4E88-B952-9418D3291007}.Debug|Any CPU.ActiveCfg = Debug|Any CPU
		{04F64FEB-EFA9-4E88-B952-9418D3291007}.Debug|Any CPU.Build.0 = Debug|Any CPU
		{04F64FEB-EFA9-4E88-B952-9418D3291007}.Release|Any CPU.ActiveCfg = Release|Any CPU
		{04F64FEB-EFA9-4E88-B952-9418D3291007}.Release|Any CPU.Build.0 = Release|Any CPU
		{ABF19BDA-1DE0-46CA-8F4E-44E5F0A8D8AD}.Debug|Any CPU.ActiveCfg = Debug|Any CPU
		{ABF19BDA-1DE0-46CA-8F4E-44E5F0A8D8AD}.Debug|Any CPU.Build.0 = Debug|Any CPU
		{ABF19BDA-1DE0-46CA-8F4E-44E5F0A8D8AD}.Release|Any CPU.ActiveCfg = Release|Any CPU
		{ABF19BDA-1DE0-46CA-8F4E-44E5F0A8D8AD}.Release|Any CPU.Build.0 = Release|Any CPU
		{36424DCE-8090-448F-ABCF-D890D98ECABC}.Debug|Any CPU.ActiveCfg = Debug|Any CPU
		{36424DCE-8090-448F-ABCF-D890D98ECABC}.Debug|Any CPU.Build.0 = Debug|Any CPU
		{36424DCE-8090-448F-ABCF-D890D98ECABC}.Release|Any CPU.ActiveCfg = Release|Any CPU
		{36424DCE-8090-448F-ABCF-D890D98ECABC}.Release|Any CPU.Build.0 = Release|Any CPU
		{3716CC7E-790F-4E50-9735-E569DEAACB25}.Debug|Any CPU.ActiveCfg = Debug|Any CPU
		{3716CC7E-790F-4E50-9735-E569DEAACB25}.Debug|Any CPU.Build.0 = Debug|Any CPU
		{3716CC7E-790F-4E50-9735-E569DEAACB25}.Release|Any CPU.ActiveCfg = Release|Any CPU
		{3716CC7E-790F-4E50-9735-E569DEAACB25}.Release|Any CPU.Build.0 = Release|Any CPU
		{0AF2F2D7-01C7-4A53-AE85-94A0B586B138}.Debug|Any CPU.ActiveCfg = Debug|Any CPU
		{0AF2F2D7-01C7-4A53-AE85-94A0B586B138}.Debug|Any CPU.Build.0 = Debug|Any CPU
		{0AF2F2D7-01C7-4A53-AE85-94A0B586B138}.Release|Any CPU.ActiveCfg = Release|Any CPU
		{0AF2F2D7-01C7-4A53-AE85-94A0B586B138}.Release|Any CPU.Build.0 = Release|Any CPU
	EndGlobalSection
	GlobalSection(SolutionProperties) = preSolution
		HideSolutionNode = FALSE
	EndGlobalSection
	GlobalSection(NestedProjects) = preSolution
		{D26F8038-474A-4EE4-839D-6003357EE424} = {31C03EAD-C85E-4E4A-A342-67161B1C4793}
		{D038F2A9-78E1-4DFF-A5B8-804FC3F72B04} = {DD931112-A65E-4E8F-859F-367F9ADDCBCA}
		{F0E4CA28-C04C-46D2-A254-AB8CACB4325B} = {DD931112-A65E-4E8F-859F-367F9ADDCBCA}
		{04F64FEB-EFA9-4E88-B952-9418D3291007} = {A2AA4A1C-FDE3-422A-B6F4-4883D28FEC2A}
		{36424DCE-8090-448F-ABCF-D890D98ECABC} = {31C03EAD-C85E-4E4A-A342-67161B1C4793}
		{3716CC7E-790F-4E50-9735-E569DEAACB25} = {A2AA4A1C-FDE3-422A-B6F4-4883D28FEC2A}
		{0AF2F2D7-01C7-4A53-AE85-94A0B586B138} = {A2AA4A1C-FDE3-422A-B6F4-4883D28FEC2A}
	EndGlobalSection
	GlobalSection(ExtensibilityGlobals) = postSolution
		SolutionGuid = {6AE0CD2E-2643-472E-86D5-887682AA733E}
	EndGlobalSection
EndGlobal
